# This file is automatically @generated by Cargo.
# It is not intended for manual editing.
version = 4

[[package]]
name = "er7"
version = "0.1.0"
source = "registry+https://github.com/rust-lang/crates.io-index"
checksum = "da6b31d50aba8079be3df6577e584abf98fd291e160e3c7370c50802b1c64240"

[[package]]
name = "hl7-v2-from-xml-into-er7"
version = "0.4.1"
dependencies = [
 "er7",
]
